# This file is automatically @generated by Cargo.
# It is not intended for manual editing.
version = 4

[[package]]
name = "notion-knowledge-core"
version = "0.1.0"

[[package]]
name = "notion-knowledge-mcp"
version = "0.1.0"
dependencies = [
 "notion-knowledge-core",
]

[[package]]
name = "notion-knowledge-notion"
version = "0.1.0"
dependencies = [
 "notion-knowledge-core",
]

[[package]]
name = "notion-knowledge-retrieval"
version = "0.1.0"
dependencies = [
 "notion-knowledge-core",
]

[[package]]
name = "notion-knowledge-server"
version = "0.1.0"
dependencies = [
 "notion-knowledge-core",
 "notion-knowledge-mcp",
 "notion-knowledge-notion",
 "notion-knowledge-retrieval",
]
